
Microsoft Visual Studio Solution File, Format Version 11.00
# Visual Studio 2010
Project("{FAE04EC0-301F-11D3-BF4B-00C04F79EFBC}") = "Assembly-CSharp", "Assembly-CSharp.csproj", "{2015356c-7b46-38fd-9919-571e24850c16}"
EndProject
Project("{FAE04EC0-301F-11D3-BF4B-00C04F79EFBC}") = "Assembly-CSharp-Editor", "Assembly-CSharp-Editor.csproj", "{3ddd53a3-64fd-21dd-14de-164cad5404c8}"
EndProject
Global
	GlobalSection(SolutionConfigurationPlatforms) = preSolution
		Debug|Any CPU = Debug|Any CPU
		Release|Any CPU = Release|Any CPU
	EndGlobalSection
	GlobalSection(ProjectConfigurationPlatforms) = postSolution
		{2015356c-7b46-38fd-9919-571e24850c16}.Debug|Any CPU.ActiveCfg = Debug|Any CPU
		{2015356c-7b46-38fd-9919-571e24850c16}.Debug|Any CPU.Build.0 = Debug|Any CPU
		{2015356c-7b46-38fd-9919-571e24850c16}.Release|Any CPU.ActiveCfg = Release|Any CPU
		{2015356c-7b46-38fd-9919-571e24850c16}.Release|Any CPU.Build.0 = Release|Any CPU
		{3ddd53a3-64fd-21dd-14de-164cad5404c8}.Debug|Any CPU.ActiveCfg = Debug|Any CPU
		{3ddd53a3-64fd-21dd-14de-164cad5404c8}.Debug|Any CPU.Build.0 = Debug|Any CPU
		{3ddd53a3-64fd-21dd-14de-164cad5404c8}.Release|Any CPU.ActiveCfg = Release|Any CPU
		{3ddd53a3-64fd-21dd-14de-164cad5404c8}.Release|Any CPU.Build.0 = Release|Any CPU
	EndGlobalSection
	GlobalSection(SolutionProperties) = preSolution
		HideSolutionNode = FALSE
	EndGlobalSection
EndGlobal
